// !$*UTF8*$!
{
	archiveVersion = 1;
	classes = {
	};
	objectVersion = 56;
	objects = {

/* Begin PBXBuildFile section */
		C904C72C2B4263D6009B9656 /* Reward.swift in Sources */ = {isa = PBXBuildFile; fileRef = C904C72B2B4263D6009B9656 /* Reward.swift */; };
		C90E577E2B3A9FD1008B4FAD /* TransactionListView.swift in Sources */ = {isa = PBXBuildFile; fileRef = C90E577D2B3A9FD1008B4FAD /* TransactionListView.swift */; };
		C90E57812B3AA0FA008B4FAD /* FormatAsCurrency.swift in Sources */ = {isa = PBXBuildFile; fileRef = C90E57802B3AA0FA008B4FAD /* FormatAsCurrency.swift */; };
		C91394DF2B5CDBA5001A20CE /* CardTransactionRewardView.swift in Sources */ = {isa = PBXBuildFile; fileRef = C91394DE2B5CDBA5001A20CE /* CardTransactionRewardView.swift */; };
		C91394E12B5CDC12001A20CE /* FilterView.swift in Sources */ = {isa = PBXBuildFile; fileRef = C91394E02B5CDC12001A20CE /* FilterView.swift */; };
		C92764A12B4CCABD00C5D219 /* CardTransactionsView.swift in Sources */ = {isa = PBXBuildFile; fileRef = C92764A02B4CCABD00C5D219 /* CardTransactionsView.swift */; };
		C9511F852B3FA5C000A5B143 /* CompareDates.swift in Sources */ = {isa = PBXBuildFile; fileRef = C9511F842B3FA5C000A5B143 /* CompareDates.swift */; };
		C96ECBEC2B3E509600F042BB /* EditTransactionView.swift in Sources */ = {isa = PBXBuildFile; fileRef = C96ECBEB2B3E509600F042BB /* EditTransactionView.swift */; };
		C96ECBEE2B3EAA7B00F042BB /* EditCardView.swift in Sources */ = {isa = PBXBuildFile; fileRef = C96ECBED2B3EAA7B00F042BB /* EditCardView.swift */; };
		C9A7F4B62B3B63590065EADF /* CategorySelectorView.swift in Sources */ = {isa = PBXBuildFile; fileRef = C9A7F4B52B3B63590065EADF /* CategorySelectorView.swift */; };
		C9A7F4B82B3B6C270065EADF /* TransactionListRowView.swift in Sources */ = {isa = PBXBuildFile; fileRef = C9A7F4B72B3B6C270065EADF /* TransactionListRowView.swift */; };
		C9A7F4BA2B3B6C410065EADF /* CategoryLogoView.swift in Sources */ = {isa = PBXBuildFile; fileRef = C9A7F4B92B3B6C400065EADF /* CategoryLogoView.swift */; };
		C9A7F4BC2B3BB5C30065EADF /* TransactionDetailView.swift in Sources */ = {isa = PBXBuildFile; fileRef = C9A7F4BB2B3BB5C30065EADF /* TransactionDetailView.swift */; };
		C9A7F4BE2B3BBC3D0065EADF /* AddCardView.swift in Sources */ = {isa = PBXBuildFile; fileRef = C9A7F4BD2B3BBC3D0065EADF /* AddCardView.swift */; };
		C9A7F4C02B3BBF460065EADF /* CardLogoView.swift in Sources */ = {isa = PBXBuildFile; fileRef = C9A7F4BF2B3BBF460065EADF /* CardLogoView.swift */; };
		C9A7F4C22B3BC3780065EADF /* CardDetailView.swift in Sources */ = {isa = PBXBuildFile; fileRef = C9A7F4C12B3BC3780065EADF /* CardDetailView.swift */; };
		C9EE8AD32B3A82FC00AEF8F3 /* SimpleCreditLedgerApp.swift in Sources */ = {isa = PBXBuildFile; fileRef = C9EE8AD22B3A82FC00AEF8F3 /* SimpleCreditLedgerApp.swift */; };
		C9EE8AD52B3A82FC00AEF8F3 /* ContentView.swift in Sources */ = {isa = PBXBuildFile; fileRef = C9EE8AD42B3A82FC00AEF8F3 /* ContentView.swift */; };
		C9EE8AD72B3A82FD00AEF8F3 /* Assets.xcassets in Resources */ = {isa = PBXBuildFile; fileRef = C9EE8AD62B3A82FD00AEF8F3 /* Assets.xcassets */; };
		C9EE8ADA2B3A82FD00AEF8F3 /* Preview Assets.xcassets in Resources */ = {isa = PBXBuildFile; fileRef = C9EE8AD92B3A82FD00AEF8F3 /* Preview Assets.xcassets */; };
		C9EE8AE32B3A85FA00AEF8F3 /* Transaction.swift in Sources */ = {isa = PBXBuildFile; fileRef = C9EE8AE22B3A85FA00AEF8F3 /* Transaction.swift */; };
		C9EE8AE52B3A879600AEF8F3 /* CreditCard.swift in Sources */ = {isa = PBXBuildFile; fileRef = C9EE8AE42B3A879600AEF8F3 /* CreditCard.swift */; };
		C9EE8AEB2B3A8C4100AEF8F3 /* CardsView.swift in Sources */ = {isa = PBXBuildFile; fileRef = C9EE8AEA2B3A8C4100AEF8F3 /* CardsView.swift */; };
		C9EE8AED2B3A8C5400AEF8F3 /* TransactionsView.swift in Sources */ = {isa = PBXBuildFile; fileRef = C9EE8AEC2B3A8C5400AEF8F3 /* TransactionsView.swift */; };
		C9EE8AF02B3A8EF600AEF8F3 /* AddButtonView.swift in Sources */ = {isa = PBXBuildFile; fileRef = C9EE8AEF2B3A8EF600AEF8F3 /* AddButtonView.swift */; };
		C9EE8AF22B3A93DB00AEF8F3 /* AddTransactionView.swift in Sources */ = {isa = PBXBuildFile; fileRef = C9EE8AF12B3A93DB00AEF8F3 /* AddTransactionView.swift */; };
/* End PBXBuildFile section */

/* Begin PBXFileReference section */
		C904C72B2B4263D6009B9656 /* Reward.swift */ = {isa = PBXFileReference; lastKnownFileType = sourcecode.swift; path = Reward.swift; sourceTree = "<group>"; };
		C90E577D2B3A9FD1008B4FAD /* TransactionListView.swift */ = {isa = PBXFileReference; lastKnownFileType = sourcecode.swift; path = TransactionListView.swift; sourceTree = "<group>"; };
		C90E57802B3AA0FA008B4FAD /* FormatAsCurrency.swift */ = {isa = PBXFileReference; lastKnownFileType = sourcecode.swift; path = FormatAsCurrency.swift; sourceTree = "<group>"; };
		C91394DE2B5CDBA5001A20CE /* CardTransactionRewardView.swift */ = {isa = PBXFileReference; lastKnownFileType = sourcecode.swift; path = CardTransactionRewardView.swift; sourceTree = "<group>"; };
		C91394E02B5CDC12001A20CE /* FilterView.swift */ = {isa = PBXFileReference; lastKnownFileType = sourcecode.swift; path = FilterView.swift; sourceTree = "<group>"; };
		C92764A02B4CCABD00C5D219 /* CardTransactionsView.swift */ = {isa = PBXFileReference; lastKnownFileType = sourcecode.swift; path = CardTransactionsView.swift; sourceTree = "<group>"; };
		C9511F842B3FA5C000A5B143 /* CompareDates.swift */ = {isa = PBXFileReference; lastKnownFileType = sourcecode.swift; path = CompareDates.swift; sourceTree = "<group>"; };
		C96ECBEB2B3E509600F042BB /* EditTransactionView.swift */ = {isa = PBXFileReference; lastKnownFileType = sourcecode.swift; path = EditTransactionView.swift; sourceTree = "<group>"; };
		C96ECBED2B3EAA7B00F042BB /* EditCardView.swift */ = {isa = PBXFileReference; lastKnownFileType = sourcecode.swift; path = EditCardView.swift; sourceTree = "<group>"; };
		C9A7F4B52B3B63590065EADF /* CategorySelectorView.swift */ = {isa = PBXFileReference; lastKnownFileType = sourcecode.swift; path = CategorySelectorView.swift; sourceTree = "<group>"; };
		C9A7F4B72B3B6C270065EADF /* TransactionListRowView.swift */ = {isa = PBXFileReference; lastKnownFileType = sourcecode.swift; path = TransactionListRowView.swift; sourceTree = "<group>"; };
		C9A7F4B92B3B6C400065EADF /* CategoryLogoView.swift */ = {isa = PBXFileReference; lastKnownFileType = sourcecode.swift; path = CategoryLogoView.swift; sourceTree = "<group>"; };
		C9A7F4BB2B3BB5C30065EADF /* TransactionDetailView.swift */ = {isa = PBXFileReference; lastKnownFileType = sourcecode.swift; path = TransactionDetailView.swift; sourceTree = "<group>"; };
		C9A7F4BD2B3BBC3D0065EADF /* AddCardView.swift */ = {isa = PBXFileReference; lastKnownFileType = sourcecode.swift; path = AddCardView.swift; sourceTree = "<group>"; };
		C9A7F4BF2B3BBF460065EADF /* CardLogoView.swift */ = {isa = PBXFileReference; lastKnownFileType = sourcecode.swift; path = CardLogoView.swift; sourceTree = "<group>"; };
		C9A7F4C12B3BC3780065EADF /* CardDetailView.swift */ = {isa = PBXFileReference; lastKnownFileType = sourcecode.swift; path = CardDetailView.swift; sourceTree = "<group>"; };
		C9EE8ACF2B3A82FC00AEF8F3 /* SimpleCreditLedger.app */ = {isa = PBXFileReference; explicitFileType = wrapper.application; includeInIndex = 0; path = SimpleCreditLedger.app; sourceTree = BUILT_PRODUCTS_DIR; };
		C9EE8AD22B3A82FC00AEF8F3 /* SimpleCreditLedgerApp.swift */ = {isa = PBXFileReference; lastKnownFileType = sourcecode.swift; path = SimpleCreditLedgerApp.swift; sourceTree = "<group>"; };
		C9EE8AD42B3A82FC00AEF8F3 /* ContentView.swift */ = {isa = PBXFileReference; lastKnownFileType = sourcecode.swift; path = ContentView.swift; sourceTree = "<group>"; };
		C9EE8AD62B3A82FD00AEF8F3 /* Assets.xcassets */ = {isa = PBXFileReference; lastKnownFileType = folder.assetcatalog; path = Assets.xcassets; sourceTree = "<group>"; };
		C9EE8AD92B3A82FD00AEF8F3 /* Preview Assets.xcassets */ = {isa = PBXFileReference; lastKnownFileType = folder.assetcatalog; path = "Preview Assets.xcassets"; sourceTree = "<group>"; };
		C9EE8AE22B3A85FA00AEF8F3 /* Transaction.swift */ = {isa = PBXFileReference; lastKnownFileType = sourcecode.swift; path = Transaction.swift; sourceTree = "<group>"; };
		C9EE8AE42B3A879600AEF8F3 /* CreditCard.swift */ = {isa = PBXFileReference; lastKnownFileType = sourcecode.swift; path = CreditCard.swift; sourceTree = "<group>"; };
		C9EE8AEA2B3A8C4100AEF8F3 /* CardsView.swift */ = {isa = PBXFileReference; lastKnownFileType = sourcecode.swift; path = CardsView.swift; sourceTree = "<group>"; };
		C9EE8AEC2B3A8C5400AEF8F3 /* TransactionsView.swift */ = {isa = PBXFileReference; lastKnownFileType = sourcecode.swift; path = TransactionsView.swift; sourceTree = "<group>"; };
		C9EE8AEF2B3A8EF600AEF8F3 /* AddButtonView.swift */ = {isa = PBXFileReference; lastKnownFileType = sourcecode.swift; path = AddButtonView.swift; sourceTree = "<group>"; };
		C9EE8AF12B3A93DB00AEF8F3 /* AddTransactionView.swift */ = {isa = PBXFileReference; lastKnownFileType = sourcecode.swift; path = AddTransactionView.swift; sourceTree = "<group>"; };
/* End PBXFileReference section */

/* Begin PBXFrameworksBuildPhase section */
		C9EE8ACC2B3A82FC00AEF8F3 /* Frameworks */ = {
			isa = PBXFrameworksBuildPhase;
			buildActionMask = 2147483647;
			files = (
			);
			runOnlyForDeploymentPostprocessing = 0;
		};
/* End PBXFrameworksBuildPhase section */

/* Begin PBXGroup section */
		C90E577F2B3AA0EB008B4FAD /* Helper */ = {
			isa = PBXGroup;
			children = (
				C90E57802B3AA0FA008B4FAD /* FormatAsCurrency.swift */,
				C9511F842B3FA5C000A5B143 /* CompareDates.swift */,
			);
			path = Helper;
			sourceTree = "<group>";
		};
		C9EE8AC62B3A82FC00AEF8F3 = {
			isa = PBXGroup;
			children = (
				C9EE8AD12B3A82FC00AEF8F3 /* SimpleCreditLedger */,
				C9EE8AD02B3A82FC00AEF8F3 /* Products */,
			);
			sourceTree = "<group>";
		};
		C9EE8AD02B3A82FC00AEF8F3 /* Products */ = {
			isa = PBXGroup;
			children = (
				C9EE8ACF2B3A82FC00AEF8F3 /* SimpleCreditLedger.app */,
			);
			name = Products;
			sourceTree = "<group>";
		};
		C9EE8AD12B3A82FC00AEF8F3 /* SimpleCreditLedger */ = {
			isa = PBXGroup;
			children = (
				C90E577F2B3AA0EB008B4FAD /* Helper */,
				C9EE8AE12B3A85DF00AEF8F3 /* Model */,
				C9EE8AE02B3A85D800AEF8F3 /* View */,
				C9EE8AD22B3A82FC00AEF8F3 /* SimpleCreditLedgerApp.swift */,
				C9EE8AD62B3A82FD00AEF8F3 /* Assets.xcassets */,
				C9EE8AD82B3A82FD00AEF8F3 /* Preview Content */,
			);
			path = SimpleCreditLedger;
			sourceTree = "<group>";
		};
		C9EE8AD82B3A82FD00AEF8F3 /* Preview Content */ = {
			isa = PBXGroup;
			children = (
				C9EE8AD92B3A82FD00AEF8F3 /* Preview Assets.xcassets */,
			);
			path = "Preview Content";
			sourceTree = "<group>";
		};
		C9EE8AE02B3A85D800AEF8F3 /* View */ = {
			isa = PBXGroup;
			children = (
				C9EE8AEE2B3A8EE500AEF8F3 /* Common */,
				C9EE8AE62B3A8BDE00AEF8F3 /* Card */,
				C9EE8AE72B3A8BF000AEF8F3 /* Transaction */,
				C9EE8AD42B3A82FC00AEF8F3 /* ContentView.swift */,
			);
			path = View;
			sourceTree = "<group>";
		};
		C9EE8AE12B3A85DF00AEF8F3 /* Model */ = {
			isa = PBXGroup;
			children = (
				C9EE8AE22B3A85FA00AEF8F3 /* Transaction.swift */,
				C9EE8AE42B3A879600AEF8F3 /* CreditCard.swift */,
				C904C72B2B4263D6009B9656 /* Reward.swift */,
			);
			path = Model;
			sourceTree = "<group>";
		};
		C9EE8AE62B3A8BDE00AEF8F3 /* Card */ = {
			isa = PBXGroup;
			children = (
				C9EE8AEA2B3A8C4100AEF8F3 /* CardsView.swift */,
				C9A7F4BD2B3BBC3D0065EADF /* AddCardView.swift */,
				C9A7F4BF2B3BBF460065EADF /* CardLogoView.swift */,
				C9A7F4C12B3BC3780065EADF /* CardDetailView.swift */,
				C96ECBED2B3EAA7B00F042BB /* EditCardView.swift */,
				C92764A02B4CCABD00C5D219 /* CardTransactionsView.swift */,
				C91394DE2B5CDBA5001A20CE /* CardTransactionRewardView.swift */,
			);
			path = Card;
			sourceTree = "<group>";
		};
		C9EE8AE72B3A8BF000AEF8F3 /* Transaction */ = {
			isa = PBXGroup;
			children = (
				C9EE8AEC2B3A8C5400AEF8F3 /* TransactionsView.swift */,
				C9EE8AF12B3A93DB00AEF8F3 /* AddTransactionView.swift */,
				C96ECBEB2B3E509600F042BB /* EditTransactionView.swift */,
				C90E577D2B3A9FD1008B4FAD /* TransactionListView.swift */,
				C9A7F4B72B3B6C270065EADF /* TransactionListRowView.swift */,
				C9A7F4B92B3B6C400065EADF /* CategoryLogoView.swift */,
				C9A7F4BB2B3BB5C30065EADF /* TransactionDetailView.swift */,
			);
			path = Transaction;
			sourceTree = "<group>";
		};
		C9EE8AEE2B3A8EE500AEF8F3 /* Common */ = {
			isa = PBXGroup;
			children = (
				C9EE8AEF2B3A8EF600AEF8F3 /* AddButtonView.swift */,
				C9A7F4B52B3B63590065EADF /* CategorySelectorView.swift */,
				C91394E02B5CDC12001A20CE /* FilterView.swift */,
			);
			path = Common;
			sourceTree = "<group>";
		};
/* End PBXGroup section */

/* Begin PBXNativeTarget section */
		C9EE8ACE2B3A82FC00AEF8F3 /* SimpleCreditLedger */ = {
			isa = PBXNativeTarget;
			buildConfigurationList = C9EE8ADD2B3A82FD00AEF8F3 /* Build configuration list for PBXNativeTarget "SimpleCreditLedger" */;
			buildPhases = (
				C9EE8ACB2B3A82FC00AEF8F3 /* Sources */,
				C9EE8ACC2B3A82FC00AEF8F3 /* Frameworks */,
				C9EE8ACD2B3A82FC00AEF8F3 /* Resources */,
			);
			buildRules = (
			);
			dependencies = (
			);
			name = SimpleCreditLedger;
			productName = SimpleCreditLedger;
			productReference = C9EE8ACF2B3A82FC00AEF8F3 /* SimpleCreditLedger.app */;
			productType = "com.apple.product-type.application";
		};
/* End PBXNativeTarget section */

/* Begin PBXProject section */
		C9EE8AC72B3A82FC00AEF8F3 /* Project object */ = {
			isa = PBXProject;
			attributes = {
				BuildIndependentTargetsInParallel = 1;
				LastSwiftUpdateCheck = 1510;
				LastUpgradeCheck = 1510;
				TargetAttributes = {
					C9EE8ACE2B3A82FC00AEF8F3 = {
						CreatedOnToolsVersion = 15.1;
					};
				};
			};
			buildConfigurationList = C9EE8ACA2B3A82FC00AEF8F3 /* Build configuration list for PBXProject "SimpleCreditLedger" */;
			compatibilityVersion = "Xcode 14.0";
			developmentRegion = en;
			hasScannedForEncodings = 0;
			knownRegions = (
				en,
				Base,
			);
			mainGroup = C9EE8AC62B3A82FC00AEF8F3;
			productRefGroup = C9EE8AD02B3A82FC00AEF8F3 /* Products */;
			projectDirPath = "";
			projectRoot = "";
			targets = (
				C9EE8ACE2B3A82FC00AEF8F3 /* SimpleCreditLedger */,
			);
		};
/* End PBXProject section */

/* Begin PBXResourcesBuildPhase section */
		C9EE8ACD2B3A82FC00AEF8F3 /* Resources */ = {
			isa = PBXResourcesBuildPhase;
			buildActionMask = 2147483647;
			files = (
				C9EE8ADA2B3A82FD00AEF8F3 /* Preview Assets.xcassets in Resources */,
				C9EE8AD72B3A82FD00AEF8F3 /* Assets.xcassets in Resources */,
			);
			runOnlyForDeploymentPostprocessing = 0;
		};
/* End PBXResourcesBuildPhase section */

/* Begin PBXSourcesBuildPhase section */
		C9EE8ACB2B3A82FC00AEF8F3 /* Sources */ = {
			isa = PBXSourcesBuildPhase;
			buildActionMask = 2147483647;
			files = (
				C9A7F4B82B3B6C270065EADF /* TransactionListRowView.swift in Sources */,
				C9EE8AF02B3A8EF600AEF8F3 /* AddButtonView.swift in Sources */,
				C9EE8AD52B3A82FC00AEF8F3 /* ContentView.swift in Sources */,
				C9A7F4C02B3BBF460065EADF /* CardLogoView.swift in Sources */,
				C91394E12B5CDC12001A20CE /* FilterView.swift in Sources */,
				C904C72C2B4263D6009B9656 /* Reward.swift in Sources */,
				C9A7F4B62B3B63590065EADF /* CategorySelectorView.swift in Sources */,
				C90E577E2B3A9FD1008B4FAD /* TransactionListView.swift in Sources */,
				C9A7F4BA2B3B6C410065EADF /* CategoryLogoView.swift in Sources */,
				C9EE8AEB2B3A8C4100AEF8F3 /* CardsView.swift in Sources */,
				C9EE8AD32B3A82FC00AEF8F3 /* SimpleCreditLedgerApp.swift in Sources */,
				C9511F852B3FA5C000A5B143 /* CompareDates.swift in Sources */,
				C9EE8AE32B3A85FA00AEF8F3 /* Transaction.swift in Sources */,
				C9EE8AF22B3A93DB00AEF8F3 /* AddTransactionView.swift in Sources */,
				C9A7F4BC2B3BB5C30065EADF /* TransactionDetailView.swift in Sources */,
				C9EE8AE52B3A879600AEF8F3 /* CreditCard.swift in Sources */,
				C9EE8AED2B3A8C5400AEF8F3 /* TransactionsView.swift in Sources */,
				C90E57812B3AA0FA008B4FAD /* FormatAsCurrency.swift in Sources */,
				C9A7F4C22B3BC3780065EADF /* CardDetailView.swift in Sources */,
				C9A7F4BE2B3BBC3D0065EADF /* AddCardView.swift in Sources */,
				C92764A12B4CCABD00C5D219 /* CardTransactionsView.swift in Sources */,
				C91394DF2B5CDBA5001A20CE /* CardTransactionRewardView.swift in Sources */,
				C96ECBEC2B3E509600F042BB /* EditTransactionView.swift in Sources */,
				C96ECBEE2B3EAA7B00F042BB /* EditCardView.swift in Sources */,
			);
			runOnlyForDeploymentPostprocessing = 0;
		};
/* End PBXSourcesBuildPhase section */

/* Begin XCBuildConfiguration section */
		C9EE8ADB2B3A82FD00AEF8F3 /* Debug */ = {
			isa = XCBuildConfiguration;
			buildSettings = {
				ALWAYS_SEARCH_USER_PATHS = NO;
				ASSETCATALOG_COMPILER_GENERATE_SWIFT_ASSET_SYMBOL_EXTENSIONS = YES;
				CLANG_ANALYZER_NONNULL = YES;
				CLANG_ANALYZER_NUMBER_OBJECT_CONVERSION = YES_AGGRESSIVE;
				CLANG_CXX_LANGUAGE_STANDARD = "gnu++20";
				CLANG_ENABLE_MODULES = YES;
				CLANG_ENABLE_OBJC_ARC = YES;
				CLANG_ENABLE_OBJC_WEAK = YES;
				CLANG_WARN_BLOCK_CAPTURE_AUTORELEASING = YES;
				CLANG_WARN_BOOL_CONVERSION = YES;
				CLANG_WARN_COMMA = YES;
				CLANG_WARN_CONSTANT_CONVERSION = YES;
				CLANG_WARN_DEPRECATED_OBJC_IMPLEMENTATIONS = YES;
				CLANG_WARN_DIRECT_OBJC_ISA_USAGE = YES_ERROR;
				CLANG_WARN_DOCUMENTATION_COMMENTS = YES;
				CLANG_WARN_EMPTY_BODY = YES;
				CLANG_WARN_ENUM_CONVERSION = YES;
				CLANG_WARN_INFINITE_RECURSION = YES;
				CLANG_WARN_INT_CONVERSION = YES;
				CLANG_WARN_NON_LITERAL_NULL_CONVERSION = YES;
				CLANG_WARN_OBJC_IMPLICIT_RETAIN_SELF = YES;
				CLANG_WARN_OBJC_LITERAL_CONVERSION = YES;
				CLANG_WARN_OBJC_ROOT_CLASS = YES_ERROR;
				CLANG_WARN_QUOTED_INCLUDE_IN_FRAMEWORK_HEADER = YES;
				CLANG_WARN_RANGE_LOOP_ANALYSIS = YES;
				CLANG_WARN_STRICT_PROTOTYPES = YES;
				CLANG_WARN_SUSPICIOUS_MOVE = YES;
				CLANG_WARN_UNGUARDED_AVAILABILITY = YES_AGGRESSIVE;
				CLANG_WARN_UNREACHABLE_CODE = YES;
				CLANG_WARN__DUPLICATE_METHOD_MATCH = YES;
				COPY_PHASE_STRIP = NO;
				DEBUG_INFORMATION_FORMAT = dwarf;
				ENABLE_STRICT_OBJC_MSGSEND = YES;
				ENABLE_TESTABILITY = YES;
				ENABLE_USER_SCRIPT_SANDBOXING = YES;
				GCC_C_LANGUAGE_STANDARD = gnu17;
				GCC_DYNAMIC_NO_PIC = NO;
				GCC_NO_COMMON_BLOCKS = YES;
				GCC_OPTIMIZATION_LEVEL = 0;
				GCC_PREPROCESSOR_DEFINITIONS = (
					"DEBUG=1",
					"$(inherited)",
				);
				GCC_WARN_64_TO_32_BIT_CONVERSION = YES;
				GCC_WARN_ABOUT_RETURN_TYPE = YES_ERROR;
				GCC_WARN_UNDECLARED_SELECTOR = YES;
				GCC_WARN_UNINITIALIZED_AUTOS = YES_AGGRESSIVE;
				GCC_WARN_UNUSED_FUNCTION = YES;
				GCC_WARN_UNUSED_VARIABLE = YES;
				IPHONEOS_DEPLOYMENT_TARGET = 17.2;
				LOCALIZATION_PREFERS_STRING_CATALOGS = YES;
				MTL_ENABLE_DEBUG_INFO = INCLUDE_SOURCE;
				MTL_FAST_MATH = YES;
				ONLY_ACTIVE_ARCH = YES;
				SDKROOT = iphoneos;
				SWIFT_ACTIVE_COMPILATION_CONDITIONS = "DEBUG $(inherited)";
				SWIFT_OPTIMIZATION_LEVEL = "-Onone";
			};
			name = Debug;
		};
		C9EE8ADC2B3A82FD00AEF8F3 /* Release */ = {
			isa = XCBuildConfiguration;
			buildSettings = {
				ALWAYS_SEARCH_USER_PATHS = NO;
				ASSETCATALOG_COMPILER_GENERATE_SWIFT_ASSET_SYMBOL_EXTENSIONS = YES;
				CLANG_ANALYZER_NONNULL = YES;
				CLANG_ANALYZER_NUMBER_OBJECT_CONVERSION = YES_AGGRESSIVE;
				CLANG_CXX_LANGUAGE_STANDARD = "gnu++20";
				CLANG_ENABLE_MODULES = YES;
				CLANG_ENABLE_OBJC_ARC = YES;
				CLANG_ENABLE_OBJC_WEAK = YES;
				CLANG_WARN_BLOCK_CAPTURE_AUTORELEASING = YES;
				CLANG_WARN_BOOL_CONVERSION = YES;
				CLANG_WARN_COMMA = YES;
				CLANG_WARN_CONSTANT_CONVERSION = YES;
				CLANG_WARN_DEPRECATED_OBJC_IMPLEMENTATIONS = YES;
				CLANG_WARN_DIRECT_OBJC_ISA_USAGE = YES_ERROR;
				CLANG_WARN_DOCUMENTATION_COMMENTS = YES;
				CLANG_WARN_EMPTY_BODY = YES;
				CLANG_WARN_ENUM_CONVERSION = YES;
				CLANG_WARN_INFINITE_RECURSION = YES;
				CLANG_WARN_INT_CONVERSION = YES;
				CLANG_WARN_NON_LITERAL_NULL_CONVERSION = YES;
				CLANG_WARN_OBJC_IMPLICIT_RETAIN_SELF = YES;
				CLANG_WARN_OBJC_LITERAL_CONVERSION = YES;
				CLANG_WARN_OBJC_ROOT_CLASS = YES_ERROR;
				CLANG_WARN_QUOTED_INCLUDE_IN_FRAMEWORK_HEADER = YES;
				CLANG_WARN_RANGE_LOOP_ANALYSIS = YES;
				CLANG_WARN_STRICT_PROTOTYPES = YES;
				CLANG_WARN_SUSPICIOUS_MOVE = YES;
				CLANG_WARN_UNGUARDED_AVAILABILITY = YES_AGGRESSIVE;
				CLANG_WARN_UNREACHABLE_CODE = YES;
				CLANG_WARN__DUPLICATE_METHOD_MATCH = YES;
				COPY_PHASE_STRIP = NO;
				DEBUG_INFORMATION_FORMAT = "dwarf-with-dsym";
				ENABLE_NS_ASSERTIONS = NO;
				ENABLE_STRICT_OBJC_MSGSEND = YES;
				ENABLE_USER_SCRIPT_SANDBOXING = YES;
				GCC_C_LANGUAGE_STANDARD = gnu17;
				GCC_NO_COMMON_BLOCKS = YES;
				GCC_WARN_64_TO_32_BIT_CONVERSION = YES;
				GCC_WARN_ABOUT_RETURN_TYPE = YES_ERROR;
				GCC_WARN_UNDECLARED_SELECTOR = YES;
				GCC_WARN_UNINITIALIZED_AUTOS = YES_AGGRESSIVE;
				GCC_WARN_UNUSED_FUNCTION = YES;
				GCC_WARN_UNUSED_VARIABLE = YES;
				IPHONEOS_DEPLOYMENT_TARGET = 17.2;
				LOCALIZATION_PREFERS_STRING_CATALOGS = YES;
				MTL_ENABLE_DEBUG_INFO = NO;
				MTL_FAST_MATH = YES;
				SDKROOT = iphoneos;
				SWIFT_COMPILATION_MODE = wholemodule;
				VALIDATE_PRODUCT = YES;
			};
			name = Release;
		};
		C9EE8ADE2B3A82FD00AEF8F3 /* Debug */ = {
			isa = XCBuildConfiguration;
			buildSettings = {
				ASSETCATALOG_COMPILER_APPICON_NAME = AppIcon;
				ASSETCATALOG_COMPILER_GLOBAL_ACCENT_COLOR_NAME = AccentColor;
				CODE_SIGN_STYLE = Automatic;
				CURRENT_PROJECT_VERSION = 1;
				DEVELOPMENT_ASSET_PATHS = "\"SimpleCreditLedger/Preview Content\"";
				DEVELOPMENT_TEAM = TK2D96DLGZ;
				ENABLE_PREVIEWS = YES;
				GENERATE_INFOPLIST_FILE = YES;
				INFOPLIST_KEY_UIApplicationSceneManifest_Generation = YES;
				INFOPLIST_KEY_UIApplicationSupportsIndirectInputEvents = YES;
				INFOPLIST_KEY_UILaunchScreen_Generation = YES;
				INFOPLIST_KEY_UISupportedInterfaceOrientations_iPad = "UIInterfaceOrientationPortrait UIInterfaceOrientationPortraitUpsideDown UIInterfaceOrientationLandscapeLeft UIInterfaceOrientationLandscapeRight";
				INFOPLIST_KEY_UISupportedInterfaceOrientations_iPhone = "UIInterfaceOrientationPortrait UIInterfaceOrientationLandscapeLeft UIInterfaceOrientationLandscapeRight";
				LD_RUNPATH_SEARCH_PATHS = (
					"$(inherited)",
					"@executable_path/Frameworks",
				);
				MARKETING_VERSION = 1.0;
				PRODUCT_BUNDLE_IDENTIFIER = jg.SimpleCreditLedger;
				PRODUCT_NAME = "$(TARGET_NAME)";
				SWIFT_EMIT_LOC_STRINGS = YES;
				SWIFT_VERSION = 5.0;
				TARGETED_DEVICE_FAMILY = "1,2";
			};
			name = Debug;
		};
		C9EE8ADF2B3A82FD00AEF8F3 /* Release */ = {
			isa = XCBuildConfiguration;
			buildSettings = {
				ASSETCATALOG_COMPILER_APPICON_NAME = AppIcon;
				ASSETCATALOG_COMPILER_GLOBAL_ACCENT_COLOR_NAME = AccentColor;
				CODE_SIGN_STYLE = Automatic;
				CURRENT_PROJECT_VERSION = 1;
				DEVELOPMENT_ASSET_PATHS = "\"SimpleCreditLedger/Preview Content\"";
				DEVELOPMENT_TEAM = TK2D96DLGZ;
				ENABLE_PREVIEWS = YES;
				GENERATE_INFOPLIST_FILE = YES;
				INFOPLIST_KEY_UIApplicationSceneManifest_Generation = YES;
				INFOPLIST_KEY_UIApplicationSupportsIndirectInputEvents = YES;
				INFOPLIST_KEY_UILaunchScreen_Generation = YES;
				INFOPLIST_KEY_UISupportedInterfaceOrientations_iPad = "UIInterfaceOrientationPortrait UIInterfaceOrientationPortraitUpsideDown UIInterfaceOrientationLandscapeLeft UIInterfaceOrientationLandscapeRight";
				INFOPLIST_KEY_UISupportedInterfaceOrientations_iPhone = "UIInterfaceOrientationPortrait UIInterfaceOrientationLandscapeLeft UIInterfaceOrientationLandscapeRight";
				LD_RUNPATH_SEARCH_PATHS = (
					"$(inherited)",
					"@executable_path/Frameworks",
				);
				MARKETING_VERSION = 1.0;
				PRODUCT_BUNDLE_IDENTIFIER = jg.SimpleCreditLedger;
				PRODUCT_NAME = "$(TARGET_NAME)";
				SWIFT_EMIT_LOC_STRINGS = YES;
				SWIFT_VERSION = 5.0;
				TARGETED_DEVICE_FAMILY = "1,2";
			};
			name = Release;
		};
/* End XCBuildConfiguration section */

/* Begin XCConfigurationList section */
		C9EE8ACA2B3A82FC00AEF8F3 /* Build configuration list for PBXProject "SimpleCreditLedger" */ = {
			isa = XCConfigurationList;
			buildConfigurations = (
				C9EE8ADB2B3A82FD00AEF8F3 /* Debug */,
				C9EE8ADC2B3A82FD00AEF8F3 /* Release */,
			);
			defaultConfigurationIsVisible = 0;
			defaultConfigurationName = Release;
		};
		C9EE8ADD2B3A82FD00AEF8F3 /* Build configuration list for PBXNativeTarget "SimpleCreditLedger" */ = {
			isa = XCConfigurationList;
			buildConfigurations = (
				C9EE8ADE2B3A82FD00AEF8F3 /* Debug */,
				C9EE8ADF2B3A82FD00AEF8F3 /* Release */,
			);
			defaultConfigurationIsVisible = 0;
			defaultConfigurationName = Release;
		};
/* End XCConfigurationList section */
	};
	rootObject = C9EE8AC72B3A82FC00AEF8F3 /* Project object */;
}
